
Microsoft Visual Studio Solution File, Format Version 12.00
# Visual Studio Version 16
VisualStudioVersion = 16.0.30804.86
MinimumVisualStudioVersion = 10.0.40219.1
Project("{FAE04EC0-301F-11D3-BF4B-00C04F79EFBC}") = "SampleQRCsv", "SampleQRCsv\SampleQRCsv.csproj", "{FCBAC109-5ED9-4645-A3B8-2E3FADC2D21C}"
EndProject
Global
	GlobalSection(SolutionConfigurationPlatforms) = preSolution
		Debug|Any CPU = Debug|Any CPU
		Release|Any CPU = Release|Any CPU
	EndGlobalSection
	GlobalSection(ProjectConfigurationPlatforms) = postSolution
		{FCBAC109-5ED9-4645-A3B8-2E3FADC2D21C}.Debug|Any CPU.ActiveCfg = Debug|Any CPU
		{FCBAC109-5ED9-4645-A3B8-2E3FADC2D21C}.Debug|Any CPU.Build.0 = Debug|Any CPU
		{FCBAC109-5ED9-4645-A3B8-2E3FADC2D21C}.Release|Any CPU.ActiveCfg = Release|Any CPU
		{FCBAC109-5ED9-4645-A3B8-2E3FADC2D21C}.Release|Any CPU.Build.0 = Release|Any CPU
	EndGlobalSection
	GlobalSection(SolutionProperties) = preSolution
		HideSolutionNode = FALSE
	EndGlobalSection
	GlobalSection(ExtensibilityGlobals) = postSolution
		SolutionGuid = {6CADCE40-11FE-43DF-9CF2-026A5C34FC77}
	EndGlobalSection
EndGlobal
